
Microsoft Visual Studio Solution File, Format Version 12.00
# Visual Studio Version 17
VisualStudioVersion = 17.5.33516.290
MinimumVisualStudioVersion = 10.0.40219.1
Project("{9A19103F-16F7-4668-BE54-9A1E7A4F7556}") = "EducationTrail_CORE", "src\EducationTrail_CORE\EducationTrail_CORE.csproj", "{FC5DA5D7-0C04-45EA-99E9-C6C3E6A7FB59}"
EndProject
Project("{9A19103F-16F7-4668-BE54-9A1E7A4F7556}") = "EducationTrail_CORE.Tests", "src\EducationTrail_CORE.Tests\EducationTrail_CORE.Tests.csproj", "{94BE0CA9-A61E-435D-A761-978E88E09B3A}"
EndProject
Project("{2150E333-8FDC-42A3-9474-1A3956D46DE8}") = "EducationTrail_Core Items", "EducationTrail_Core Items", "{82657489-FCDA-44CA-BCC4-FDD565404455}"
	ProjectSection(SolutionItems) = preProject
		..\..\.gitattributes = ..\..\.gitattributes
		..\..\.gitignore = ..\..\.gitignore
		..\..\LICENSE = ..\..\LICENSE
		..\..\README.md = ..\..\README.md
	EndProjectSection
EndProject
Project("{9A19103F-16F7-4668-BE54-9A1E7A4F7556}") = "EducationTrail_CORE.MockServer", "src\EducationTrail_CORE.MockServer\EducationTrail_CORE.MockServer.csproj", "{AA7BB91A-675B-4C88-B4DB-3CBD3D20BAC9}"
EndProject
Project("{9A19103F-16F7-4668-BE54-9A1E7A4F7556}") = "EducationTrail_CORE.MockTests", "src\EducationTrail_CORE.MockTests\EducationTrail_CORE.MockTests.csproj", "{41182992-F02E-4EB6-8ADE-2A2F6FC9A213}"
EndProject
Project("{FAE04EC0-301F-11D3-BF4B-00C04F79EFBC}") = "EducationTrail_CORE.Services", "EducationTrail_CORE.Services\EducationTrail_CORE.Services.csproj", "{F2F1A13E-10B9-4E2F-BCFB-3EFD2621705F}"
EndProject
Global
	GlobalSection(SolutionConfigurationPlatforms) = preSolution
		Debug|Any CPU = Debug|Any CPU
		Release|Any CPU = Release|Any CPU
	EndGlobalSection
	GlobalSection(ProjectConfigurationPlatforms) = postSolution
		{FC5DA5D7-0C04-45EA-99E9-C6C3E6A7FB59}.Debug|Any CPU.ActiveCfg = Debug|Any CPU
		{FC5DA5D7-0C04-45EA-99E9-C6C3E6A7FB59}.Debug|Any CPU.Build.0 = Debug|Any CPU
		{FC5DA5D7-0C04-45EA-99E9-C6C3E6A7FB59}.Release|Any CPU.ActiveCfg = Release|Any CPU
		{FC5DA5D7-0C04-45EA-99E9-C6C3E6A7FB59}.Release|Any CPU.Build.0 = Release|Any CPU
		{94BE0CA9-A61E-435D-A761-978E88E09B3A}.Debug|Any CPU.ActiveCfg = Debug|Any CPU
		{94BE0CA9-A61E-435D-A761-978E88E09B3A}.Debug|Any CPU.Build.0 = Debug|Any CPU
		{94BE0CA9-A61E-435D-A761-978E88E09B3A}.Release|Any CPU.ActiveCfg = Release|Any CPU
		{94BE0CA9-A61E-435D-A761-978E88E09B3A}.Release|Any CPU.Build.0 = Release|Any CPU
		{AA7BB91A-675B-4C88-B4DB-3CBD3D20BAC9}.Debug|Any CPU.ActiveCfg = Debug|Any CPU
		{AA7BB91A-675B-4C88-B4DB-3CBD3D20BAC9}.Debug|Any CPU.Build.0 = Debug|Any CPU
		{AA7BB91A-675B-4C88-B4DB-3CBD3D20BAC9}.Release|Any CPU.ActiveCfg = Release|Any CPU
		{AA7BB91A-675B-4C88-B4DB-3CBD3D20BAC9}.Release|Any CPU.Build.0 = Release|Any CPU
		{41182992-F02E-4EB6-8ADE-2A2F6FC9A213}.Debug|Any CPU.ActiveCfg = Debug|Any CPU
		{41182992-F02E-4EB6-8ADE-2A2F6FC9A213}.Debug|Any CPU.Build.0 = Debug|Any CPU
		{41182992-F02E-4EB6-8ADE-2A2F6FC9A213}.Release|Any CPU.ActiveCfg = Release|Any CPU
		{41182992-F02E-4EB6-8ADE-2A2F6FC9A213}.Release|Any CPU.Build.0 = Release|Any CPU
		{F2F1A13E-10B9-4E2F-BCFB-3EFD2621705F}.Debug|Any CPU.ActiveCfg = Debug|Any CPU
		{F2F1A13E-10B9-4E2F-BCFB-3EFD2621705F}.Debug|Any CPU.Build.0 = Debug|Any CPU
		{F2F1A13E-10B9-4E2F-BCFB-3EFD2621705F}.Release|Any CPU.ActiveCfg = Release|Any CPU
		{F2F1A13E-10B9-4E2F-BCFB-3EFD2621705F}.Release|Any CPU.Build.0 = Release|Any CPU
	EndGlobalSection
	GlobalSection(SolutionProperties) = preSolution
		HideSolutionNode = FALSE
	EndGlobalSection
	GlobalSection(ExtensibilityGlobals) = postSolution
		SolutionGuid = {4A50951F-40F4-4626-BE3E-9AFA929DDA69}
	EndGlobalSection
EndGlobal
